{
  "name": "app",
  "version": "1.0.0",
  "lockfileVersion": 2,
  "requires": true,
  "packages": {
    "": {
      "version": "1.0.0",
      "license": "ISC",
      "dependencies": {
        "@artemis/mylib": "^1.0.3"
      }
    },
    "node_modules/@artemis/mylib": {
      "version": "1.0.3",
      "resolved": "http://localhost:4873/@artemis%2fmylib/-/mylib-1.0.3.tgz",
      "integrity": "sha512-XHMp/hCI+sEB5FsD3fo/t4FA1EyOxNHW53hbR7FY9EgK5vorT9XI7atNOlJIX30wzjyvtxIaIKEhS0r4o7JsLA==",
      "license": "ISC"
    }
  },
  "dependencies": {
    "@artemis/mylib": {
      "version": "1.0.3",
      "resolved": "http://localhost:4873/@artemis%2fmylib/-/mylib-1.0.3.tgz",
      "integrity": "sha512-XHMp/hCI+sEB5FsD3fo/t4FA1EyOxNHW53hbR7FY9EgK5vorT9XI7atNOlJIX30wzjyvtxIaIKEhS0r4o7JsLA=="
    }
  }
}
